
Microsoft Visual Studio Solution File, Format Version 12.00
# Visual Studio Version 16
VisualStudioVersion = 16.0.30330.147
MinimumVisualStudioVersion = 10.0.40219.1
Project("{2150E333-8FDC-42A3-9474-1A3956D46DE8}") = "Application", "Application", "{CDC8DC2E-CDE2-4A02-BD9C-4ABB17DAF737}"
EndProject
Project("{2150E333-8FDC-42A3-9474-1A3956D46DE8}") = "Domain", "Domain", "{C7D10826-41AC-4DC6-A320-31F434F1EB9B}"
EndProject
Project("{2150E333-8FDC-42A3-9474-1A3956D46DE8}") = "Data", "Data", "{EFAAB4CD-EB31-4CB7-A1A3-54ED2EF1352A}"
EndProject
Project("{2150E333-8FDC-42A3-9474-1A3956D46DE8}") = "IoC", "IoC", "{54BD3DA3-7C16-44C5-8B76-90BEFA34E68E}"
EndProject
Project("{2150E333-8FDC-42A3-9474-1A3956D46DE8}") = "Presentations", "Presentations", "{A91A6569-E0CB-4408-86C5-B07917578945}"
EndProject
Project("{9A19103F-16F7-4668-BE54-9A1E7A4F7556}") = "Internship.Mvc", "Internship.Mvc\Internship.Mvc.csproj", "{16D0A177-BB29-4D00-938C-96C318D2DA3F}"
EndProject
Project("{9A19103F-16F7-4668-BE54-9A1E7A4F7556}") = "Internship.Domain", "Internship.Domain\Internship.Domain.csproj", "{9BCE0168-75BE-4C18-9FFD-CA60C55B6E2D}"
EndProject
Project("{9A19103F-16F7-4668-BE54-9A1E7A4F7556}") = "Internship.Data", "Internship.IoC\Internship.Data.csproj", "{01AE31E9-CB94-4246-9DED-7147F24D97E1}"
EndProject
Project("{FAE04EC0-301F-11D3-BF4B-00C04F79EFBC}") = "InternShip.App", "InternShip.App\InternShip.App.csproj", "{97917BB1-0EAF-46A5-BA1F-44D845F7A1E6}"
EndProject
Project("{FAE04EC0-301F-11D3-BF4B-00C04F79EFBC}") = "Internship.Infra.IoC", "Internship.Infra.IoC\Internship.Infra.IoC.csproj", "{3B22E9FC-050F-41A0-95A1-BF54FDE79CCF}"
EndProject
Global
	GlobalSection(SolutionConfigurationPlatforms) = preSolution
		Debug|Any CPU = Debug|Any CPU
		Release|Any CPU = Release|Any CPU
	EndGlobalSection
	GlobalSection(ProjectConfigurationPlatforms) = postSolution
		{16D0A177-BB29-4D00-938C-96C318D2DA3F}.Debug|Any CPU.ActiveCfg = Debug|Any CPU
		{16D0A177-BB29-4D00-938C-96C318D2DA3F}.Debug|Any CPU.Build.0 = Debug|Any CPU
		{16D0A177-BB29-4D00-938C-96C318D2DA3F}.Release|Any CPU.ActiveCfg = Release|Any CPU
		{16D0A177-BB29-4D00-938C-96C318D2DA3F}.Release|Any CPU.Build.0 = Release|Any CPU
		{9BCE0168-75BE-4C18-9FFD-CA60C55B6E2D}.Debug|Any CPU.ActiveCfg = Debug|Any CPU
		{9BCE0168-75BE-4C18-9FFD-CA60C55B6E2D}.Debug|Any CPU.Build.0 = Debug|Any CPU
		{9BCE0168-75BE-4C18-9FFD-CA60C55B6E2D}.Release|Any CPU.ActiveCfg = Release|Any CPU
		{9BCE0168-75BE-4C18-9FFD-CA60C55B6E2D}.Release|Any CPU.Build.0 = Release|Any CPU
		{01AE31E9-CB94-4246-9DED-7147F24D97E1}.Debug|Any CPU.ActiveCfg = Debug|Any CPU
		{01AE31E9-CB94-4246-9DED-7147F24D97E1}.Debug|Any CPU.Build.0 = Debug|Any CPU
		{01AE31E9-CB94-4246-9DED-7147F24D97E1}.Release|Any CPU.ActiveCfg = Release|Any CPU
		{01AE31E9-CB94-4246-9DED-7147F24D97E1}.Release|Any CPU.Build.0 = Release|Any CPU
		{97917BB1-0EAF-46A5-BA1F-44D845F7A1E6}.Debug|Any CPU.ActiveCfg = Debug|Any CPU
		{97917BB1-0EAF-46A5-BA1F-44D845F7A1E6}.Debug|Any CPU.Build.0 = Debug|Any CPU
		{97917BB1-0EAF-46A5-BA1F-44D845F7A1E6}.Release|Any CPU.ActiveCfg = Release|Any CPU
		{97917BB1-0EAF-46A5-BA1F-44D845F7A1E6}.Release|Any CPU.Build.0 = Release|Any CPU
		{3B22E9FC-050F-41A0-95A1-BF54FDE79CCF}.Debug|Any CPU.ActiveCfg = Debug|Any CPU
		{3B22E9FC-050F-41A0-95A1-BF54FDE79CCF}.Debug|Any CPU.Build.0 = Debug|Any CPU
		{3B22E9FC-050F-41A0-95A1-BF54FDE79CCF}.Release|Any CPU.ActiveCfg = Release|Any CPU
		{3B22E9FC-050F-41A0-95A1-BF54FDE79CCF}.Release|Any CPU.Build.0 = Release|Any CPU
	EndGlobalSection
	GlobalSection(SolutionProperties) = preSolution
		HideSolutionNode = FALSE
	EndGlobalSection
	GlobalSection(NestedProjects) = preSolution
		{16D0A177-BB29-4D00-938C-96C318D2DA3F} = {A91A6569-E0CB-4408-86C5-B07917578945}
		{9BCE0168-75BE-4C18-9FFD-CA60C55B6E2D} = {C7D10826-41AC-4DC6-A320-31F434F1EB9B}
		{01AE31E9-CB94-4246-9DED-7147F24D97E1} = {EFAAB4CD-EB31-4CB7-A1A3-54ED2EF1352A}
		{97917BB1-0EAF-46A5-BA1F-44D845F7A1E6} = {CDC8DC2E-CDE2-4A02-BD9C-4ABB17DAF737}
		{3B22E9FC-050F-41A0-95A1-BF54FDE79CCF} = {54BD3DA3-7C16-44C5-8B76-90BEFA34E68E}
	EndGlobalSection
	GlobalSection(ExtensibilityGlobals) = postSolution
		SolutionGuid = {403B7C86-7BC1-4D24-8661-5A5D4CE9F9CE}
	EndGlobalSection
EndGlobal
